hash: 6199c63647c8d8bf966b4eced66d45fca034a2884576657711ae1535d9834fe6
updated: 2017-01-31T15:41:04.680411585-05:00
imports:
- name: github.com/gocql/gocql
  version: 4d2d1ac71932f7c4a6c7feb0d654462e4116c58b
  subpackages:
  - internal/lru
  - internal/murmur
  - internal/streams
- name: github.com/golang/snappy
  version: d9eb7a3d35ec988b8585d4a0068e462c27d28380
- name: github.com/hailocab/go-hostpool
  version: e80d13ce29ede4452c43dea11e79b9bc8a15b478
- name: golang.org/x/net
  version: 45e771701b814666a7eb299e6c7a57d0b1799e91
  subpackages:
  - context
- name: gopkg.in/inf.v0
  version: 3887ee99ecf07df5b447e9b00d9c0b2adaa9f3e4
testImports: []
